
Microsoft Visual Studio Solution File, Format Version 12.00
# Visual Studio 14
VisualStudioVersion = 14.0.25420.1
MinimumVisualStudioVersion = 10.0.40219.1
Project("{FAE04EC0-301F-11D3-BF4B-00C04F79EFBC}") = "PersonService", "PersonService\PersonService.csproj", "{6604AA18-B853-4ED6-86C9-6621B169DC54}"
EndProject
Project("{FAE04EC0-301F-11D3-BF4B-00C04F79EFBC}") = "PersonService.UnitTests", "PersonService.UnitTests\PersonService.UnitTests.csproj", "{7546F293-B1A5-45C6-BA6F-9D0541A58A49}"
EndProject
Project("{F088123C-0E9E-452A-89E6-6BA2F21D5CAC}") = "ModelingProject", "ModelingProject\ModelingProject.modelproj", "{3BDF59B2-B031-44FB-8E00-6426BAC2DDFF}"
EndProject
Global
	GlobalSection(SolutionConfigurationPlatforms) = preSolution
		Debug|Any CPU = Debug|Any CPU
		Release|Any CPU = Release|Any CPU
	EndGlobalSection
	GlobalSection(ProjectConfigurationPlatforms) = postSolution
		{6604AA18-B853-4ED6-86C9-6621B169DC54}.Debug|Any CPU.ActiveCfg = Debug|Any CPU
		{6604AA18-B853-4ED6-86C9-6621B169DC54}.Debug|Any CPU.Build.0 = Debug|Any CPU
		{6604AA18-B853-4ED6-86C9-6621B169DC54}.Release|Any CPU.ActiveCfg = Release|Any CPU
		{6604AA18-B853-4ED6-86C9-6621B169DC54}.Release|Any CPU.Build.0 = Release|Any CPU
		{7546F293-B1A5-45C6-BA6F-9D0541A58A49}.Debug|Any CPU.ActiveCfg = Debug|Any CPU
		{7546F293-B1A5-45C6-BA6F-9D0541A58A49}.Debug|Any CPU.Build.0 = Debug|Any CPU
		{7546F293-B1A5-45C6-BA6F-9D0541A58A49}.Release|Any CPU.ActiveCfg = Release|Any CPU
		{7546F293-B1A5-45C6-BA6F-9D0541A58A49}.Release|Any CPU.Build.0 = Release|Any CPU
		{3BDF59B2-B031-44FB-8E00-6426BAC2DDFF}.Debug|Any CPU.ActiveCfg = Debug|Any CPU
		{3BDF59B2-B031-44FB-8E00-6426BAC2DDFF}.Debug|Any CPU.Build.0 = Debug|Any CPU
		{3BDF59B2-B031-44FB-8E00-6426BAC2DDFF}.Release|Any CPU.ActiveCfg = Release|Any CPU
		{3BDF59B2-B031-44FB-8E00-6426BAC2DDFF}.Release|Any CPU.Build.0 = Release|Any CPU
	EndGlobalSection
	GlobalSection(SolutionProperties) = preSolution
		HideSolutionNode = FALSE
	EndGlobalSection
EndGlobal
